<?xml version="1.0" encoding="utf-8"?>
<Project ToolsVersion="4.0" xmlns="http://schemas.microsoft.com/developer/msbuild/2003">
  <ItemGroup>
    <Filter Include="script_interfaces">
      <UniqueIdentifier>{1c8db1cf-c868-48e8-8adf-4899b7efd455}</UniqueIdentifier>
    </Filter>
  </ItemGroup>
  <ItemGroup>
    <ClCompile Include="game\game.cpp" />
    <ClCompile Include="game\script_interfaces\script_world.cpp">
      <Filter>script_interfaces</Filter>
    </ClCompile>
    <ClCompile Include="game\script_interfaces\script_engine.cpp">
      <Filter>script_interfaces</Filter>
    </ClCompile>
    <ClCompile Include="game\script_interfaces\script_interface_helpers.cpp">
      <Filter>script_interfaces</Filter>
    </ClCompile>
    <ClCompile Include="game\script_interfaces\script_time.cpp">
      <Filter>script_interfaces</Filter>
    </ClCompile>
    <ClCompile Include="game\script_interfaces\script_console.cpp">
      <Filter>script_interfaces</Filter>
    </ClCompile>
    <ClCompile Include="game\script_interfaces\script_material.cpp">
      <Filter>script_interfaces</Filter>
    </ClCompile>
    <ClCompile Include="game\script_interfaces\script_entity.cpp">
      <Filter>script_interfaces</Filter>
    </ClCompile>
    <ClCompile Include="game\script_interfaces\script_transform_component.cpp">
      <Filter>script_interfaces</Filter>
    </ClCompile>
    <ClCompile Include="game\script_interfaces\script_sprite_renderer_component.cpp">
      <Filter>script_interfaces</Filter>
    </ClCompile>
  </ItemGroup>
  <ItemGroup>
    <ClInclude Include="game\game.h" />
    <ClInclude Include="game\script_interfaces\script_world.h">
      <Filter>script_interfaces</Filter>
    </ClInclude>
    <ClInclude Include="game\script_interfaces\script_engine.h">
      <Filter>script_interfaces</Filter>
    </ClInclude>
    <ClInclude Include="game\script_interfaces\script_interface_helpers.h">
      <Filter>script_interfaces</Filter>
    </ClInclude>
    <ClInclude Include="game\script_interfaces\script_time.h">
      <Filter>script_interfaces</Filter>
    </ClInclude>
    <ClInclude Include="game\script_interfaces\script_console.h">
      <Filter>script_interfaces</Filter>
    </ClInclude>
    <ClInclude Include="game\script_interfaces\script_material.h">
      <Filter>script_interfaces</Filter>
    </ClInclude>
    <ClInclude Include="game\script_interfaces\script_entity.h">
      <Filter>script_interfaces</Filter>
    </ClInclude>
    <ClInclude Include="game\script_interfaces\script_transform_component.h">
      <Filter>script_interfaces</Filter>
    </ClInclude>
    <ClInclude Include="game\script_interfaces\script_sprite_renderer_component.h">
      <Filter>script_interfaces</Filter>
    </ClInclude>
  </ItemGroup>
</Project>