<?xml version="1.0" encoding="utf-8"?>
<Project ToolsVersion="4.0" xmlns="http://schemas.microsoft.com/developer/msbuild/2003">
  <ItemGroup>
    <ClCompile Include="engine\engine.cpp" />
    <ClCompile Include="engine\view.cpp" />
    <ClCompile Include="engine\world.cpp" />
    <ClCompile Include="engine\keyboard.cpp" />
    <ClCompile Include="engine\png.cpp" />
    <ClCompile Include="engine\font.cpp" />
    <ClCompile Include="engine\shader_utils.cpp" />
    <ClCompile Include="engine\entity\entity_manager.cpp">
      <Filter>entity</Filter>
    </ClCompile>
    <ClCompile Include="engine\entity\components\transform_component.cpp">
      <Filter>entity\components</Filter>
    </ClCompile>
    <ClCompile Include="engine\entity\components\component_header.cpp">
      <Filter>entity\components</Filter>
    </ClCompile>
    <ClCompile Include="engine\entity\components\sprite_renderer_component.cpp">
      <Filter>entity\components</Filter>
    </ClCompile>
    <ClCompile Include="engine\rect.cpp" />
    <ClCompile Include="engine\resource_store.cpp" />
    <ClCompile Include="engine\renderer\render_resource_table.cpp">
      <Filter>renderer</Filter>
    </ClCompile>
    <ClCompile Include="engine\renderer\render_uniform.cpp">
      <Filter>renderer</Filter>
    </ClCompile>
    <ClCompile Include="engine\renderer\render_world.cpp">
      <Filter>renderer</Filter>
    </ClCompile>
    <ClCompile Include="engine\renderer\renderer.cpp">
      <Filter>renderer</Filter>
    </ClCompile>
    <ClCompile Include="engine\renderer\render_interface.cpp">
      <Filter>renderer</Filter>
    </ClCompile>
    <ClCompile Include="engine\renderer\render_material.cpp">
      <Filter>renderer</Filter>
    </ClCompile>
    <ClCompile Include="engine\entity\entity.cpp">
      <Filter>entity</Filter>
    </ClCompile>
  </ItemGroup>
  <ItemGroup>
    <ClInclude Include="engine\engine.h" />
    <ClInclude Include="engine\view.h" />
    <ClInclude Include="engine\timer.h" />
    <ClInclude Include="engine\image.h" />
    <ClInclude Include="engine\texture.h" />
    <ClInclude Include="engine\world.h" />
    <ClInclude Include="engine\keyboard.h" />
    <ClInclude Include="engine\png.h" />
    <ClInclude Include="engine\font.h" />
    <ClInclude Include="engine\rect.h" />
    <ClInclude Include="engine\resource_type.h" />
    <ClInclude Include="engine\shader_utils.h" />
    <ClInclude Include="engine\render_resource_types.h" />
    <ClInclude Include="engine\render_fence.h" />
    <ClInclude Include="engine\renderer_command.h" />
    <ClInclude Include="engine\render_resource_handle.h" />
    <ClInclude Include="engine\material.h" />
    <ClInclude Include="engine\shader.h" />
    <ClInclude Include="engine\uniform.h" />
    <ClInclude Include="engine\entity\entity.h">
      <Filter>entity</Filter>
    </ClInclude>
    <ClInclude Include="engine\entity\entity_manager.h">
      <Filter>entity</Filter>
    </ClInclude>
    <ClInclude Include="engine\entity\components\component_header.h">
      <Filter>entity\components</Filter>
    </ClInclude>
    <ClInclude Include="engine\entity\components\transform_component.h">
      <Filter>entity\components</Filter>
    </ClInclude>
    <ClInclude Include="engine\entity\components\sprite_renderer_component.h">
      <Filter>entity\components</Filter>
    </ClInclude>
    <ClInclude Include="engine\resource_store.h" />
    <ClInclude Include="engine\renderer\render_resource.h">
      <Filter>renderer</Filter>
    </ClInclude>
    <ClInclude Include="engine\renderer\render_resource_handle.h">
      <Filter>renderer</Filter>
    </ClInclude>
    <ClInclude Include="engine\renderer\render_resource_table.h">
      <Filter>renderer</Filter>
    </ClInclude>
    <ClInclude Include="engine\renderer\render_resource_types.h">
      <Filter>renderer</Filter>
    </ClInclude>
    <ClInclude Include="engine\renderer\render_target.h">
      <Filter>renderer</Filter>
    </ClInclude>
    <ClInclude Include="engine\renderer\render_texture.h">
      <Filter>renderer</Filter>
    </ClInclude>
    <ClInclude Include="engine\renderer\render_uniform.h">
      <Filter>renderer</Filter>
    </ClInclude>
    <ClInclude Include="engine\renderer\render_world.h">
      <Filter>renderer</Filter>
    </ClInclude>
    <ClInclude Include="engine\renderer\renderer.h">
      <Filter>renderer</Filter>
    </ClInclude>
    <ClInclude Include="engine\renderer\renderer_command.h">
      <Filter>renderer</Filter>
    </ClInclude>
    <ClInclude Include="engine\renderer\uniform.h">
      <Filter>renderer</Filter>
    </ClInclude>
    <ClInclude Include="engine\renderer\concrete_renderer.h">
      <Filter>renderer</Filter>
    </ClInclude>
    <ClInclude Include="engine\renderer\constants.h">
      <Filter>renderer</Filter>
    </ClInclude>
    <ClInclude Include="engine\renderer\render_component.h">
      <Filter>renderer</Filter>
    </ClInclude>
    <ClInclude Include="engine\renderer\render_fence.h">
      <Filter>renderer</Filter>
    </ClInclude>
    <ClInclude Include="engine\renderer\render_interface.h">
      <Filter>renderer</Filter>
    </ClInclude>
    <ClInclude Include="engine\renderer\render_material.h">
      <Filter>renderer</Filter>
    </ClInclude>
  </ItemGroup>
  <ItemGroup>
    <Filter Include="entity">
      <UniqueIdentifier>{ab64e92a-00b4-4ece-a211-e1c8966e4ed7}</UniqueIdentifier>
    </Filter>
    <Filter Include="entity\components">
      <UniqueIdentifier>{752efeed-de0b-4e0f-b436-efee5bc26cd9}</UniqueIdentifier>
    </Filter>
    <Filter Include="renderer">
      <UniqueIdentifier>{ee7b5e01-171c-4082-821b-5f210e146638}</UniqueIdentifier>
    </Filter>
  </ItemGroup>
</Project>