<?xml version="1.0" encoding="utf-8"?>
<Project ToolsVersion="4.0" xmlns="http://schemas.microsoft.com/developer/msbuild/2003">
  <ItemGroup>
    <ClCompile Include="engine\engine.cpp" />
    <ClCompile Include="engine\view.cpp" />
    <ClCompile Include="engine\timer.cpp" />
    <ClCompile Include="engine\resource_manager.cpp" />
    <ClCompile Include="engine\bmp.cpp" />
    <ClCompile Include="engine\world.cpp" />
    <ClCompile Include="engine\texture.cpp" />
    <ClCompile Include="engine\keyboard.cpp" />
    <ClCompile Include="engine\png.cpp" />
    <ClCompile Include="engine\font.cpp" />
    <ClCompile Include="engine\drawable.cpp" />
    <ClCompile Include="engine\shader_utils.cpp" />
    <ClCompile Include="engine\render_interface.cpp" />
    <ClCompile Include="engine\sprite_geometry.cpp" />
    <ClCompile Include="engine\text_geometry.cpp" />
    <ClCompile Include="engine\rectangle_geometry.cpp" />
  </ItemGroup>
  <ItemGroup>
    <ClInclude Include="engine\engine.h" />
    <ClInclude Include="engine\view.h" />
    <ClInclude Include="engine\timer.h" />
    <ClInclude Include="engine\resource_manager.h" />
    <ClInclude Include="engine\bmp.h" />
    <ClInclude Include="engine\image.h" />
    <ClInclude Include="engine\texture.h" />
    <ClInclude Include="engine\world.h" />
    <ClInclude Include="engine\keyboard.h" />
    <ClInclude Include="engine\png.h" />
    <ClInclude Include="engine\font.h" />
    <ClInclude Include="engine\drawable.h" />
    <ClInclude Include="engine\rect.h" />
    <ClInclude Include="engine\resource_type.h" />
    <ClInclude Include="engine\shader_utils.h" />
    <ClInclude Include="engine\render_resource_types.h" />
    <ClInclude Include="engine\irenderer.h" />
    <ClInclude Include="engine\render_fence.h" />
    <ClInclude Include="engine\render_interface.h" />
    <ClInclude Include="engine\renderer_command.h" />
    <ClInclude Include="engine\idrawable_geometry.h" />
    <ClInclude Include="engine\sprite_geometry.h" />
    <ClInclude Include="engine\text_geometry.h" />
    <ClInclude Include="engine\rectangle_geometry.h" />
    <ClInclude Include="engine\resource.h" />
    <ClInclude Include="engine\render_resource_handle.h" />
    <ClInclude Include="engine\material.h" />
    <ClInclude Include="engine\shader.h" />
  </ItemGroup>
</Project>