<?xml version="1.0" encoding="utf-8"?>
<Project ToolsVersion="4.0" xmlns="http://schemas.microsoft.com/developer/msbuild/2003">
  <ItemGroup>
    <Filter Include="Source Files">
      <UniqueIdentifier>{4FC737F1-C7A5-4376-A066-2A32D752A2FF}</UniqueIdentifier>
      <Extensions>cpp;c;cc;cxx;def;odl;idl;hpj;bat;asm;asmx</Extensions>
    </Filter>
    <Filter Include="Header Files">
      <UniqueIdentifier>{93995380-89BD-4b04-88EB-625FBE52EBFB}</UniqueIdentifier>
      <Extensions>h;hpp;hxx;hm;inl;inc;xsd</Extensions>
    </Filter>
    <Filter Include="Resource Files">
      <UniqueIdentifier>{67DA6AB6-F800-4c08-8B7A-83BB121AAD01}</UniqueIdentifier>
      <Extensions>rc;ico;cur;bmp;dlg;rc2;rct;bin;rgs;gif;jpg;jpeg;jpe;resx;tiff;tif;png;wav;mfcribbon-ms</Extensions>
    </Filter>
    <Filter Include="Header Files\rapidjson">
      <UniqueIdentifier>{f2740401-542c-4485-ba2f-fee5aa18c89c}</UniqueIdentifier>
    </Filter>
  </ItemGroup>
  <ItemGroup>
    <ClInclude Include="foundation\array.h">
      <Filter>Header Files</Filter>
    </ClInclude>
    <ClInclude Include="foundation\collection_types.h">
      <Filter>Header Files</Filter>
    </ClInclude>
    <ClInclude Include="foundation\hash.h">
      <Filter>Header Files</Filter>
    </ClInclude>
    <ClInclude Include="foundation\math_types.h">
      <Filter>Header Files</Filter>
    </ClInclude>
    <ClInclude Include="foundation\memory.h">
      <Filter>Header Files</Filter>
    </ClInclude>
    <ClInclude Include="foundation\memory_types.h">
      <Filter>Header Files</Filter>
    </ClInclude>
    <ClInclude Include="foundation\murmur_hash.h">
      <Filter>Header Files</Filter>
    </ClInclude>
    <ClInclude Include="foundation\queue.h">
      <Filter>Header Files</Filter>
    </ClInclude>
    <ClInclude Include="foundation\string_stream.h">
      <Filter>Header Files</Filter>
    </ClInclude>
    <ClInclude Include="foundation\temp_allocator.h">
      <Filter>Header Files</Filter>
    </ClInclude>
    <ClInclude Include="foundation\types.h">
      <Filter>Header Files</Filter>
    </ClInclude>
    <ClInclude Include="foundation\rapidjson\document.h">
      <Filter>Header Files\rapidjson</Filter>
    </ClInclude>
    <ClInclude Include="foundation\rapidjson\filestream.h">
      <Filter>Header Files\rapidjson</Filter>
    </ClInclude>
    <ClInclude Include="foundation\rapidjson\prettywriter.h">
      <Filter>Header Files\rapidjson</Filter>
    </ClInclude>
    <ClInclude Include="foundation\rapidjson\rapidjson.h">
      <Filter>Header Files\rapidjson</Filter>
    </ClInclude>
    <ClInclude Include="foundation\rapidjson\reader.h">
      <Filter>Header Files\rapidjson</Filter>
    </ClInclude>
    <ClInclude Include="foundation\rapidjson\stringbuffer.h">
      <Filter>Header Files\rapidjson</Filter>
    </ClInclude>
    <ClInclude Include="foundation\rapidjson\writer.h">
      <Filter>Header Files\rapidjson</Filter>
    </ClInclude>
    <ClInclude Include="foundation\rapidjson\internal\pow10.h">
      <Filter>Header Files\rapidjson</Filter>
    </ClInclude>
    <ClInclude Include="foundation\rapidjson\internal\stack.h">
      <Filter>Header Files\rapidjson</Filter>
    </ClInclude>
    <ClInclude Include="foundation\rapidjson\internal\strfunc.h">
      <Filter>Header Files\rapidjson</Filter>
    </ClInclude>
    <ClInclude Include="resource_path.h">
      <Filter>Header Files</Filter>
    </ClInclude>
    <ClInclude Include="foundation\string_utils.h">
      <Filter>Header Files</Filter>
    </ClInclude>
    <ClInclude Include="foundation\file.h">
      <Filter>Header Files</Filter>
    </ClInclude>
    <ClInclude Include="GL\glxew.h">
      <Filter>Header Files</Filter>
    </ClInclude>
    <ClInclude Include="GL\wglew.h">
      <Filter>Header Files</Filter>
    </ClInclude>
    <ClInclude Include="GL3\gl3w.h">
      <Filter>Header Files</Filter>
    </ClInclude>
    <ClInclude Include="foundation\local_transform_types.h">
      <Filter>Header Files</Filter>
    </ClInclude>
    <ClInclude Include="foundation\local_transform.h">
      <Filter>Header Files</Filter>
    </ClInclude>
    <ClInclude Include="foundation\keyboard.h">
      <Filter>Header Files</Filter>
    </ClInclude>
  </ItemGroup>
  <ItemGroup>
    <ClCompile Include="foundation\memory.cpp">
      <Filter>Source Files</Filter>
    </ClCompile>
    <ClCompile Include="foundation\murmur_hash.cpp">
      <Filter>Source Files</Filter>
    </ClCompile>
    <ClCompile Include="foundation\string_stream.cpp">
      <Filter>Source Files</Filter>
    </ClCompile>
    <ClCompile Include="resource_path.cpp">
      <Filter>Source Files</Filter>
    </ClCompile>
    <ClCompile Include="foundation\file.cpp">
      <Filter>Source Files</Filter>
    </ClCompile>
    <ClCompile Include="GL\glewinfo.c">
      <Filter>Source Files</Filter>
    </ClCompile>
    <ClCompile Include="GL\visualinfo.c">
      <Filter>Source Files</Filter>
    </ClCompile>
    <ClCompile Include="gl3w.c">
      <Filter>Source Files</Filter>
    </ClCompile>
    <ClCompile Include="foundation\local_transform.cpp">
      <Filter>Source Files</Filter>
    </ClCompile>
  </ItemGroup>
</Project>